
Microsoft Visual Studio Solution File, Format Version 12.00
# Visual Studio Version 17
VisualStudioVersion = 17.8.34309.116
MinimumVisualStudioVersion = 10.0.40219.1
Project("{FAE04EC0-301F-11D3-BF4B-00C04F79EFBC}") = "ODataApplyDemo", "ODataApplyDemo\ODataApplyDemo.csproj", "{C7758755-2349-42C0-96E6-2CCE99D63AC3}"
EndProject
Global
	GlobalSection(SolutionConfigurationPlatforms) = preSolution
		Debug|Any CPU = Debug|Any CPU
		Release|Any CPU = Release|Any CPU
	EndGlobalSection
	GlobalSection(ProjectConfigurationPlatforms) = postSolution
		{C7758755-2349-42C0-96E6-2CCE99D63AC3}.Debug|Any CPU.ActiveCfg = Debug|Any CPU
		{C7758755-2349-42C0-96E6-2CCE99D63AC3}.Debug|Any CPU.Build.0 = Debug|Any CPU
		{C7758755-2349-42C0-96E6-2CCE99D63AC3}.Release|Any CPU.ActiveCfg = Release|Any CPU
		{C7758755-2349-42C0-96E6-2CCE99D63AC3}.Release|Any CPU.Build.0 = Release|Any CPU
	EndGlobalSection
	GlobalSection(SolutionProperties) = preSolution
		HideSolutionNode = FALSE
	EndGlobalSection
	GlobalSection(ExtensibilityGlobals) = postSolution
		SolutionGuid = {8EDE074E-53AE-421D-9AD9-E3DA5B37B601}
	EndGlobalSection
EndGlobal
